
Microsoft Visual Studio Solution File, Format Version 12.00
# Visual Studio Version 17
VisualStudioVersion = 17.11.35312.102
MinimumVisualStudioVersion = 10.0.40219.1
Project("{FAE04EC0-301F-11D3-BF4B-00C04F79EFBC}") = "WpfApp1", "WpfApp1\WpfApp1.csproj", "{CBB98D06-BA55-48DA-A07C-E5A1043B41E5}"
EndProject
Global
	GlobalSection(SolutionConfigurationPlatforms) = preSolution
		Debug|Any CPU = Debug|Any CPU
		Release|Any CPU = Release|Any CPU
	EndGlobalSection
	GlobalSection(ProjectConfigurationPlatforms) = postSolution
		{CBB98D06-BA55-48DA-A07C-E5A1043B41E5}.Debug|Any CPU.ActiveCfg = Debug|Any CPU
		{CBB98D06-BA55-48DA-A07C-E5A1043B41E5}.Debug|Any CPU.Build.0 = Debug|Any CPU
		{CBB98D06-BA55-48DA-A07C-E5A1043B41E5}.Release|Any CPU.ActiveCfg = Release|Any CPU
		{CBB98D06-BA55-48DA-A07C-E5A1043B41E5}.Release|Any CPU.Build.0 = Release|Any CPU
	EndGlobalSection
	GlobalSection(SolutionProperties) = preSolution
		HideSolutionNode = FALSE
	EndGlobalSection
	GlobalSection(ExtensibilityGlobals) = postSolution
		SolutionGuid = {9387322A-B443-493A-87AE-6B250CFC430B}
	EndGlobalSection
EndGlobal
